
Microsoft Visual Studio Solution File, Format Version 12.00
# Visual Studio Version 16
VisualStudioVersion = 16.0.31205.134
MinimumVisualStudioVersion = 10.0.40219.1
Project("{9A19103F-16F7-4668-BE54-9A1E7A4F7556}") = "DatingApp", "DatingApp\DatingApp.csproj", "{C718DB11-A4B5-493E-97BA-E3DF29820587}"
EndProject
Project("{FAE04EC0-301F-11D3-BF4B-00C04F79EFBC}") = "DatingApp.DAL", "DatingApp.DAL\DatingApp.DAL.csproj", "{EAC7D5A7-2254-48BB-B704-A766F3239801}"
EndProject
Global
	GlobalSection(SolutionConfigurationPlatforms) = preSolution
		Debug|Any CPU = Debug|Any CPU
		Release|Any CPU = Release|Any CPU
	EndGlobalSection
	GlobalSection(ProjectConfigurationPlatforms) = postSolution
		{C718DB11-A4B5-493E-97BA-E3DF29820587}.Debug|Any CPU.ActiveCfg = Debug|Any CPU
		{C718DB11-A4B5-493E-97BA-E3DF29820587}.Debug|Any CPU.Build.0 = Debug|Any CPU
		{C718DB11-A4B5-493E-97BA-E3DF29820587}.Release|Any CPU.ActiveCfg = Release|Any CPU
		{C718DB11-A4B5-493E-97BA-E3DF29820587}.Release|Any CPU.Build.0 = Release|Any CPU
		{EAC7D5A7-2254-48BB-B704-A766F3239801}.Debug|Any CPU.ActiveCfg = Debug|Any CPU
		{EAC7D5A7-2254-48BB-B704-A766F3239801}.Debug|Any CPU.Build.0 = Debug|Any CPU
		{EAC7D5A7-2254-48BB-B704-A766F3239801}.Release|Any CPU.ActiveCfg = Release|Any CPU
		{EAC7D5A7-2254-48BB-B704-A766F3239801}.Release|Any CPU.Build.0 = Release|Any CPU
	EndGlobalSection
	GlobalSection(SolutionProperties) = preSolution
		HideSolutionNode = FALSE
	EndGlobalSection
	GlobalSection(ExtensibilityGlobals) = postSolution
		SolutionGuid = {0E5A3F6D-D06E-426F-9076-40E749985935}
	EndGlobalSection
EndGlobal
